{
  "lockfileVersion": 1,
  "configVersion": 1,
  "workspaces": {
    "": {
      "name": "june-monorepo",
      "devDependencies": {
        "@happy-dom/global-registrator": "^20.10.2",
        "@junejs/core": "workspace:*",
        "@junejs/server": "workspace:*",
        "@types/bun": "^1.3.2",
        "@types/react": "^19.2.0",
        "@types/react-dom": "^19.2.0",
        "react": "^19.2.0",
        "react-dom": "^19.2.0",
        "tsx": "^4.22.4",
        "typescript": "^5.9.0",
      },
    },
    "apps/june.build": {
      "name": "june.build",
      "version": "0.0.0",
      "dependencies": {
        "@junejs/core": "workspace:*",
        "react": "^19.2.0",
        "react-dom": "^19.2.0",
        "workers-og": "^0.0.27",
      },
      "devDependencies": {
        "@junejs/cli": "workspace:*",
        "@junejs/server": "workspace:*",
        "@resvg/resvg-js": "^2.6.2",
        "@types/react": "^19.2.0",
        "satori": "^0.26.0",
        "typescript": "^5.9.0",
      },
    },
    "examples/basic": {
      "name": "@june-examples/basic",
      "version": "0.0.0",
      "dependencies": {
        "@junejs/core": "workspace:*",
      },
      "devDependencies": {
        "@junejs/server": "workspace:*",
      },
    },
    "examples/i18n": {
      "name": "@june-examples/i18n",
      "version": "0.0.0",
      "dependencies": {
        "@junejs/core": "workspace:*",
        "@junejs/i18n": "workspace:*",
      },
      "devDependencies": {
        "@junejs/server": "workspace:*",
      },
    },
    "examples/juno-crud": {
      "name": "@june-examples/juno-crud",
      "version": "0.0.0",
      "dependencies": {
        "@junejs/core": "workspace:*",
        "@junejs/db": "workspace:*",
        "@junejs/juno": "workspace:*",
      },
      "devDependencies": {
        "@junejs/server": "workspace:*",
      },
    },
    "packages/cli": {
      "name": "@junejs/cli",
      "version": "0.0.28",
      "bin": {
        "june": "./bin.mjs",
      },
      "dependencies": {
        "@junejs/core": "workspace:*",
        "@junejs/server": "workspace:*",
      },
    },
    "packages/core": {
      "name": "@junejs/core",
      "version": "0.0.29",
      "peerDependencies": {
        "react": "^19.2.0",
        "react-dom": "^19.2.0",
      },
      "optionalPeers": [
        "react",
      ],
    },
    "packages/create-june": {
      "name": "create-june",
      "version": "0.0.27",
      "bin": {
        "create-june": "./bin.mjs",
      },
    },
    "packages/db": {
      "name": "@junejs/db",
      "version": "0.0.28",
      "dependencies": {
        "@junejs/core": "workspace:*",
      },
    },
    "packages/i18n": {
      "name": "@junejs/i18n",
      "version": "0.0.27",
      "dependencies": {
        "@formatjs/icu-messageformat-parser": "^2.7.0",
        "@junejs/db": "workspace:*",
      },
      "peerDependencies": {
        "react": "^19.2.0",
      },
    },
    "packages/june": {
      "name": "@junejs/server",
      "version": "0.0.28",
      "dependencies": {
        "@junejs/core": "workspace:*",
        "@junejs/db": "workspace:*",
        "lightningcss": "^1.27.0",
        "marked": "^18.0.5",
        "rolldown": "^1.1.0",
      },
      "devDependencies": {
        "@libsql/client": "^0.17.3",
        "@types/pg": "^8.20.0",
        "mysql2": "^3.22.5",
        "pg": "^8.21.0",
      },
      "peerDependencies": {
        "@libsql/client": "^0.14.0 || ^0.15.0 || ^0.16.0 || ^0.17.0",
        "mysql2": "^3.0.0",
        "pg": "^8.0.0",
        "react": "^19.2.0",
        "react-dom": "^19.2.0",
      },
      "optionalPeers": [
        "@libsql/client",
        "mysql2",
        "pg",
      ],
    },
    "packages/juno": {
      "name": "@junejs/juno",
      "version": "0.0.28",
      "dependencies": {
        "@junejs/core": "workspace:*",
        "@junejs/db": "workspace:*",
      },
      "devDependencies": {
        "@junejs/server": "workspace:*",
        "@types/pg": "^8.20.0",
        "mysql2": "^3.22.5",
        "pg": "^8.21.0",
      },
    },
  },
  "packages": {
    "@emnapi/core": ["@emnapi/core@1.11.1", "", { "dependencies": { "@emnapi/wasi-threads": "1.2.2", "tslib": "^2.4.0" } }, "sha512-RSvbQmHzdKzNsLYa/wHrbc3KN4sYLKAdPZxqiM2HATqv/SBk2/ENSHpvXGaLOMcsAyz0poEGqkmmKYG3OWiJEQ=="],

    "@emnapi/runtime": ["@emnapi/runtime@1.11.1", "", { "dependencies": { "tslib": "^2.4.0" } }, "sha512-vgj7R3y3Wgx24IQaGPA/R6YFXLHVMOZ0uVEyIQPaWs+rd1AzfEMXlAC22FYwO1XkKR6NPsq7mUandH8oIRdZFw=="],

    "@emnapi/wasi-threads": ["@emnapi/wasi-threads@1.2.2", "", { "dependencies": { "tslib": "^2.4.0" } }, "sha512-c95qOXkHdydNKhscBTebqEC1CVAZpyqOfVfBzQ1qgzyl3gfeldUjIggDbIZgDKsHLgnsM+igH7TJ/eAasaVuMA=="],

    "@esbuild/aix-ppc64": ["@esbuild/aix-ppc64@0.28.1", "", { "os": "aix", "cpu": "ppc64" }, "sha512-Svl7tq8k/08+p6CXPpRjQ1fKX+1odH/BQbb48fV6fj3CWHhsoIOoY87w1oHXm0qEpkIK3ZfVgp0hed3XBXzXMQ=="],

    "@esbuild/android-arm": ["@esbuild/android-arm@0.28.1", "", { "os": "android", "cpu": "arm" }, "sha512-0k2F129Xdio1TdJfzJ8sy1Q47vUD2NnwdhiAf7drUN1EBTfPf4hsFCtmMgu/6m8JSzsBrlmVjudMBQqOfG8usQ=="],

    "@esbuild/android-arm64": ["@esbuild/android-arm64@0.28.1", "", { "os": "android", "cpu": "arm64" }, "sha512-34EGEbCIAgosYz6goLcopX6Mo7NyGv9tfwEM2/7Ce2VcVRk568iSvniGWcUXIy7wEDR1wzolcxcriFVrWYcwBg=="],

    "@esbuild/android-x64": ["@esbuild/android-x64@0.28.1", "", { "os": "android", "cpu": "x64" }, "sha512-dbwY7ltSMDWsRatcRpCnES4F+im88OCUgGZjy52shC7GqHRE/cYlxNbB4Z4UpJswpcc4Qxd2oE/ufM0p61IKng=="],

    "@esbuild/darwin-arm64": ["@esbuild/darwin-arm64@0.28.1", "", { "os": "darwin", "cpu": "arm64" }, "sha512-TZbWkQY7kvTAXbXUT7uVACR5cMHsDiSz9z7ZKAX/RTq/WJEk3QyRr0wZpNhBDX+/0CtdqUIJlOiodQcta6tY3Q=="],

    "@esbuild/darwin-x64": ["@esbuild/darwin-x64@0.28.1", "", { "os": "darwin", "cpu": "x64" }, "sha512-zfdzgK9ACBNZLI/CyHTOx81SyNbM6YXn7rxSgX97VjyiPl9W1i4Ka4fgKECEoFCKGpvBj5qArWIGgQjOwkgskQ=="],

    "@esbuild/freebsd-arm64": ["@esbuild/freebsd-arm64@0.28.1", "", { "os": "freebsd", "cpu": "arm64" }, "sha512-wG2EA8ENdEI0qhkSZMjfqrdY+ziCYCPMmtZjjIwOmXFjmyzEHn+UUxk5of+SYsjtfs3VpnlC7QLzSI5hY/rOAw=="],

    "@esbuild/freebsd-x64": ["@esbuild/freebsd-x64@0.28.1", "", { "os": "freebsd", "cpu": "x64" }, "sha512-i7dZ9vQgnvSCzi/rYCXNgtF/U+eKZNJBzu3eTQbRgHnM7tNSizLOkRFAl3qzVc/Op/u5YkHHa4pf/3DOYHthLQ=="],

    "@esbuild/linux-arm": ["@esbuild/linux-arm@0.28.1", "", { "os": "linux", "cpu": "arm" }, "sha512-qVXBOHQS+d5Y722GwJzJUtOLlX7km3CraOaGormF1pDtPd2C/l1SHRPgjLunLGe51Sh5YYWKMFDyV4SxgMQYTQ=="],

    "@esbuild/linux-arm64": ["@esbuild/linux-arm64@0.28.1", "", { "os": "linux", "cpu": "arm64" }, "sha512-yHs+0uc8+nvEAfAfxrWQKK5peSNzBc4PegcMO0EJ2hT71uA7vB8Ihg2e77R2P7SG5uYjPbHlLLmve4LLLRCf0g=="],

    "@esbuild/linux-ia32": ["@esbuild/linux-ia32@0.28.1", "", { "os": "linux", "cpu": "ia32" }, "sha512-d1z4ZuP0ajrfz/FhGT4vv278rX8KnPPJx8i5+AtK7TYbx9Le9F1hyzurZpkEyjkGa9dUGhQow4C1NmeGvqxN2w=="],

    "@esbuild/linux-loong64": ["@esbuild/linux-loong64@0.28.1", "", { "os": "linux", "cpu": "none" }, "sha512-M5sRjUVZrkm1OAPR3dlOYzNmN+loZKGVi1VUQGrwuqLcbR6qeAz+famMhjASeH3YVKvZz+zT1jlh/keC3Rj/lg=="],

    "@esbuild/linux-mips64el": ["@esbuild/linux-mips64el@0.28.1", "", { "os": "linux", "cpu": "none" }, "sha512-mRObBZeHh2OxcBFPWE/FjylkRgZdYuiTR3vaTozquCGOH14iP9oN4x4Ge81CoIDYQrXmIxpFumJBu5MtZpnQJQ=="],

    "@esbuild/linux-ppc64": ["@esbuild/linux-ppc64@0.28.1", "", { "os": "linux", "cpu": "ppc64" }, "sha512-slScBsMAb3GFDcdrCgLwZtPYRoH2H/youv10QiZyRjmsP48fznoveWytSgCI/R0ZcUgpc0ZhIUEx6LHts8yrfQ=="],

    "@esbuild/linux-riscv64": ["@esbuild/linux-riscv64@0.28.1", "", { "os": "linux", "cpu": "none" }, "sha512-kw0owk1o0GFETUJyW0jc0G4Yzs0BHZn0JDZ8JRT088vjJYX777BAs1fDGxAC+q831qOs2DTC96mNsG2opdfyyQ=="],

    "@esbuild/linux-s390x": ["@esbuild/linux-s390x@0.28.1", "", { "os": "linux", "cpu": "s390x" }, "sha512-/lAIjX8aYFRByhh6L5rYtPEDRqa9de/4V/juOXcta5frjvzXO4/sqEtyytse0g3zZFuWu5cDN0MkLz2qRDD2Ag=="],

    "@esbuild/linux-x64": ["@esbuild/linux-x64@0.28.1", "", { "os": "linux", "cpu": "x64" }, "sha512-u/anNYF2mmVOEDwLtnQ1wOr3EZ9sTNGLWrsYGYwHWzGA3Si84IOkHXlbWTD1NB+9/1lcnweYKO54uhxZydNzfA=="],

    "@esbuild/netbsd-arm64": ["@esbuild/netbsd-arm64@0.28.1", "", { "os": "none", "cpu": "arm64" }, "sha512-oks0DYbLwWMmaakTsCb+zL4E+aHRVLom9IJZOAthMQEPiQmydXHkziYEsGYRx0uNV/IjEKGAV941JzH02pflqw=="],

    "@esbuild/netbsd-x64": ["@esbuild/netbsd-x64@0.28.1", "", { "os": "none", "cpu": "x64" }, "sha512-aeL6lAnN89Hz43Mlh1G8ARasbuoYvSITDEx0tHh5b7jJnHcssqgjy9Yx430GDpmCa6OyrKoS0aNRjKundRizGg=="],

    "@esbuild/openbsd-arm64": ["@esbuild/openbsd-arm64@0.28.1", "", { "os": "openbsd", "cpu": "arm64" }, "sha512-MEFJe5C3R8pwXdZ5Y21oo6m7ePiS0d9pWucn99O/wvyJZChoIQKrQDxKrGeW8F5+T0okTHesAmDeiHDTIq0V/Q=="],

    "@esbuild/openbsd-x64": ["@esbuild/openbsd-x64@0.28.1", "", { "os": "openbsd", "cpu": "x64" }, "sha512-i/ZLIOafE0Z8cI/XANJAixoJL/uRAoS2xOA3rb0xN+KK0K177cMAsQYkzHtBrtMXAKuAc7HGgcWiZ/sRC1Nxgw=="],

    "@esbuild/openharmony-arm64": ["@esbuild/openharmony-arm64@0.28.1", "", { "os": "none", "cpu": "arm64" }, "sha512-ge+Z7EXFNt2BO1oAMsVpiQ8EwndV9i1xXerAeTIK7AtPs3bKFXQM7nlRxDSIUIMeueR1CNXxqztLzdNeReKBJg=="],

    "@esbuild/sunos-x64": ["@esbuild/sunos-x64@0.28.1", "", { "os": "sunos", "cpu": "x64" }, "sha512-BEjgtECkL3vY+SaSQ6nzVfiALUeFxpawyp8Jmf5PtYhf1Ug40N1h/hxlhts+f1FvSvarEigdxS3BlSMI2PJLcQ=="],

    "@esbuild/win32-arm64": ["@esbuild/win32-arm64@0.28.1", "", { "os": "win32", "cpu": "arm64" }, "sha512-lCv9eK/H6ZJWbE7bh2nw54CZ9M2nupBxJcTsdk/QQnWkdSjKGuxmmH8/GWrlT1eMmZfn4dGcCjRte397WqfQXA=="],

    "@esbuild/win32-ia32": ["@esbuild/win32-ia32@0.28.1", "", { "os": "win32", "cpu": "ia32" }, "sha512-zvb/mB2bSCoJOpoCBgYKKpX6YM6mJBlBUVUtVj41DlZJVEB6/0CKlRYxP5wWl1C1ILiCoAU5wZZ4q1P3qeS6Eg=="],

    "@esbuild/win32-x64": ["@esbuild/win32-x64@0.28.1", "", { "os": "win32", "cpu": "x64" }, "sha512-bm4Mowrv+GXMlpWX++EcXw/iLyd1o3+bJkC2DkWXYVvgZCqD/bSj9ctZeAMC3cIxgjRVR2Dufaiu4YPxr5gW1A=="],

    "@formatjs/ecma402-abstract": ["@formatjs/ecma402-abstract@2.3.6", "", { "dependencies": { "@formatjs/fast-memoize": "2.2.7", "@formatjs/intl-localematcher": "0.6.2", "decimal.js": "^10.4.3", "tslib": "^2.8.0" } }, "sha512-HJnTFeRM2kVFVr5gr5kH1XP6K0JcJtE7Lzvtr3FS/so5f1kpsqqqxy5JF+FRaO6H2qmcMfAUIox7AJteieRtVw=="],

    "@formatjs/fast-memoize": ["@formatjs/fast-memoize@2.2.7", "", { "dependencies": { "tslib": "^2.8.0" } }, "sha512-Yabmi9nSvyOMrlSeGGWDiH7rf3a7sIwplbvo/dlz9WCIjzIQAfy1RMf4S0X3yG724n5Ghu2GmEl5NJIV6O9sZQ=="],

    "@formatjs/icu-messageformat-parser": ["@formatjs/icu-messageformat-parser@2.11.4", "", { "dependencies": { "@formatjs/ecma402-abstract": "2.3.6", "@formatjs/icu-skeleton-parser": "1.8.16", "tslib": "^2.8.0" } }, "sha512-7kR78cRrPNB4fjGFZg3Rmj5aah8rQj9KPzuLsmcSn4ipLXQvC04keycTI1F7kJYDwIXtT2+7IDEto842CfZBtw=="],

    "@formatjs/icu-skeleton-parser": ["@formatjs/icu-skeleton-parser@1.8.16", "", { "dependencies": { "@formatjs/ecma402-abstract": "2.3.6", "tslib": "^2.8.0" } }, "sha512-H13E9Xl+PxBd8D5/6TVUluSpxGNvFSlN/b3coUp0e0JpuWXXnQDiavIpY3NnvSp4xhEMoXyyBvVfdFX8jglOHQ=="],

    "@formatjs/intl-localematcher": ["@formatjs/intl-localematcher@0.6.2", "", { "dependencies": { "tslib": "^2.8.0" } }, "sha512-XOMO2Hupl0wdd172Y06h6kLpBz6Dv+J4okPLl4LPtzbr8f66WbIoy4ev98EBuZ6ZK4h5ydTN6XneT4QVpD7cdA=="],

    "@happy-dom/global-registrator": ["@happy-dom/global-registrator@20.10.6", "", { "dependencies": { "@types/node": ">=20.0.0", "happy-dom": "^20.10.6" } }, "sha512-Nu/IjRkkNxmeG2ywWsyJSO4d1BrWTqVzxCPL+gXj0b97klhmjd6wLzt6Bx/laNpkZ3WLW7zNCqmtMIbIlahqug=="],

    "@june-examples/basic": ["@june-examples/basic@workspace:examples/basic"],

    "@june-examples/i18n": ["@june-examples/i18n@workspace:examples/i18n"],

    "@june-examples/juno-crud": ["@june-examples/juno-crud@workspace:examples/juno-crud"],

    "@junejs/cli": ["@junejs/cli@workspace:packages/cli"],

    "@junejs/core": ["@junejs/core@workspace:packages/core"],

    "@junejs/db": ["@junejs/db@workspace:packages/db"],

    "@junejs/i18n": ["@junejs/i18n@workspace:packages/i18n"],

    "@junejs/juno": ["@junejs/juno@workspace:packages/juno"],

    "@junejs/server": ["@junejs/server@workspace:packages/june"],

    "@libsql/client": ["@libsql/client@0.17.4", "", { "dependencies": { "@libsql/core": "^0.17.4", "@libsql/hrana-client": "^0.10.0", "js-base64": "^3.7.5", "libsql": "^0.5.28", "promise-limit": "^2.7.0" } }, "sha512-lYayFWasDV78A+TjlEhr6ubb3odBV6OHjb+wdp8VQcyWWAEIjuwbCHaraEUS4m4yWoo0BvZo96It4VdzZRmRWw=="],

    "@libsql/core": ["@libsql/core@0.17.4", "", { "dependencies": { "js-base64": "^3.7.5" } }, "sha512-LqF9gIvnJ38nmAH1y/ChizHqDO/MO1wLgA96XrraulEEbqXxLjleSH92YWTolbuJKgPUmGu4aJk9W3UnAcxLOQ=="],

    "@libsql/darwin-arm64": ["@libsql/darwin-arm64@0.5.29", "", { "os": "darwin", "cpu": "arm64" }, "sha512-K+2RIB1OGFPYQbfay48GakLhqf3ArcbHqPFu7EZiaUcRgFcdw8RoltsMyvbj5ix2fY0HV3Q3Ioa/ByvQdaSM0A=="],

    "@libsql/darwin-x64": ["@libsql/darwin-x64@0.5.29", "", { "os": "darwin", "cpu": "x64" }, "sha512-OtT+KFHsKFy1R5FVadr8FJ2Bb1mghtXTyJkxv0trocq7NuHntSki1eUbxpO5ezJesDvBlqFjnWaYYY516QNLhQ=="],

    "@libsql/hrana-client": ["@libsql/hrana-client@0.10.0", "", { "dependencies": { "@libsql/isomorphic-ws": "^0.1.5", "js-base64": "^3.7.5" } }, "sha512-OoA4EMqRAC7kn7V2P6EQqRcpZf2W+AjsNIyCizBg339Tq/aMC7sRnzs3SklderhmQWAqEzvv8A2vhxVmWpkVvw=="],

    "@libsql/isomorphic-ws": ["@libsql/isomorphic-ws@0.1.5", "", { "dependencies": { "@types/ws": "^8.5.4", "ws": "^8.13.0" } }, "sha512-DtLWIH29onUYR00i0GlQ3UdcTRC6EP4u9w/h9LxpUZJWRMARk6dQwZ6Jkd+QdwVpuAOrdxt18v0K2uIYR3fwFg=="],

    "@libsql/linux-arm-gnueabihf": ["@libsql/linux-arm-gnueabihf@0.5.29", "", { "os": "linux", "cpu": "arm" }, "sha512-CD4n4zj7SJTHso4nf5cuMoWoMSS7asn5hHygsDuhRl8jjjCTT3yE+xdUvI4J7zsyb53VO5ISh4cwwOtf6k2UhQ=="],

    "@libsql/linux-arm-musleabihf": ["@libsql/linux-arm-musleabihf@0.5.29", "", { "os": "linux", "cpu": "arm" }, "sha512-2Z9qBVpEJV7OeflzIR3+l5yAd4uTOLxklScYTwpZnkm2vDSGlC1PRlueLaufc4EFITkLKXK2MWBpexuNJfMVcg=="],

    "@libsql/linux-arm64-gnu": ["@libsql/linux-arm64-gnu@0.5.29", "", { "os": "linux", "cpu": "arm64" }, "sha512-gURBqaiXIGGwFNEaUj8Ldk7Hps4STtG+31aEidCk5evMMdtsdfL3HPCpvys+ZF/tkOs2MWlRWoSq7SOuCE9k3w=="],

    "@libsql/linux-arm64-musl": ["@libsql/linux-arm64-musl@0.5.29", "", { "os": "linux", "cpu": "arm64" }, "sha512-fwgYZ0H8mUkyVqXZHF3mT/92iIh1N94Owi/f66cPVNsk9BdGKq5gVpoKO+7UxaNzuEH1roJp2QEwsCZMvBLpqg=="],

    "@libsql/linux-x64-gnu": ["@libsql/linux-x64-gnu@0.5.29", "", { "os": "linux", "cpu": "x64" }, "sha512-y14V0vY0nmMC6G0pHeJcEarcnGU2H6cm21ZceRkacWHvQAEhAG0latQkCtoS2njFOXiYIg+JYPfAoWKbi82rkg=="],

    "@libsql/linux-x64-musl": ["@libsql/linux-x64-musl@0.5.29", "", { "os": "linux", "cpu": "x64" }, "sha512-gquqwA/39tH4pFl+J9n3SOMSymjX+6kZ3kWgY3b94nXFTwac9bnFNMffIomgvlFaC4ArVqMnOZD3nuJ3H3VO1w=="],

    "@libsql/win32-x64-msvc": ["@libsql/win32-x64-msvc@0.5.29", "", { "os": "win32", "cpu": "x64" }, "sha512-4/0CvEdhi6+KjMxMaVbFM2n2Z44escBRoEYpR+gZg64DdetzGnYm8mcNLcoySaDJZNaBd6wz5DNdgRmcI4hXcg=="],

    "@napi-rs/wasm-runtime": ["@napi-rs/wasm-runtime@1.1.5", "", { "dependencies": { "@tybys/wasm-util": "^0.10.2" }, "peerDependencies": { "@emnapi/core": "^1.7.1", "@emnapi/runtime": "^1.7.1" } }, "sha512-AWPoBRJ9tsnVhor4sjO7rkni+7p+2IAEFj6cx06UgP10jkQHqay/36uRV/bFkgrh18D9vb4cr8Q0Pthskgzy+Q=="],

    "@neon-rs/load": ["@neon-rs/load@0.0.4", "", {}, "sha512-kTPhdZyTQxB+2wpiRcFWrDcejc4JI6tkPuS7UZCG4l6Zvc5kU/gGQ/ozvHTh1XR5tS+UlfAfGuPajjzQjCiHCw=="],

    "@oxc-project/types": ["@oxc-project/types@0.137.0", "", {}, "sha512-WT+Gb24i8hmvo85AIv2oEYouEXkRlKAlT9WaCa3TfLgNCN+GhrJOGZuIlMouAh38Qe4QOx26eUOVsq70qXrywA=="],

    "@resvg/resvg-js": ["@resvg/resvg-js@2.6.2", "", { "optionalDependencies": { "@resvg/resvg-js-android-arm-eabi": "2.6.2", "@resvg/resvg-js-android-arm64": "2.6.2", "@resvg/resvg-js-darwin-arm64": "2.6.2", "@resvg/resvg-js-darwin-x64": "2.6.2", "@resvg/resvg-js-linux-arm-gnueabihf": "2.6.2", "@resvg/resvg-js-linux-arm64-gnu": "2.6.2", "@resvg/resvg-js-linux-arm64-musl": "2.6.2", "@resvg/resvg-js-linux-x64-gnu": "2.6.2", "@resvg/resvg-js-linux-x64-musl": "2.6.2", "@resvg/resvg-js-win32-arm64-msvc": "2.6.2", "@resvg/resvg-js-win32-ia32-msvc": "2.6.2", "@resvg/resvg-js-win32-x64-msvc": "2.6.2" } }, "sha512-xBaJish5OeGmniDj9cW5PRa/PtmuVU3ziqrbr5xJj901ZDN4TosrVaNZpEiLZAxdfnhAe7uQ7QFWfjPe9d9K2Q=="],

    "@resvg/resvg-js-android-arm-eabi": ["@resvg/resvg-js-android-arm-eabi@2.6.2", "", { "os": "android", "cpu": "arm" }, "sha512-FrJibrAk6v29eabIPgcTUMPXiEz8ssrAk7TXxsiZzww9UTQ1Z5KAbFJs+Z0Ez+VZTYgnE5IQJqBcoSiMebtPHA=="],

    "@resvg/resvg-js-android-arm64": ["@resvg/resvg-js-android-arm64@2.6.2", "", { "os": "android", "cpu": "arm64" }, "sha512-VcOKezEhm2VqzXpcIJoITuvUS/fcjIw5NA/w3tjzWyzmvoCdd+QXIqy3FBGulWdClvp4g+IfUemigrkLThSjAQ=="],

    "@resvg/resvg-js-darwin-arm64": ["@resvg/resvg-js-darwin-arm64@2.6.2", "", { "os": "darwin", "cpu": "arm64" }, "sha512-nmok2LnAd6nLUKI16aEB9ydMC6Lidiiq2m1nEBDR1LaaP7FGs4AJ90qDraxX+CWlVuRlvNjyYJTNv8qFjtL9+A=="],

    "@resvg/resvg-js-darwin-x64": ["@resvg/resvg-js-darwin-x64@2.6.2", "", { "os": "darwin", "cpu": "x64" }, "sha512-GInyZLjgWDfsVT6+SHxQVRwNzV0AuA1uqGsOAW+0th56J7Nh6bHHKXHBWzUrihxMetcFDmQMAX1tZ1fZDYSRsw=="],

    "@resvg/resvg-js-linux-arm-gnueabihf": ["@resvg/resvg-js-linux-arm-gnueabihf@2.6.2", "", { "os": "linux", "cpu": "arm" }, "sha512-YIV3u/R9zJbpqTTNwTZM5/ocWetDKGsro0SWp70eGEM9eV2MerWyBRZnQIgzU3YBnSBQ1RcxRZvY/UxwESfZIw=="],

    "@resvg/resvg-js-linux-arm64-gnu": ["@resvg/resvg-js-linux-arm64-gnu@2.6.2", "", { "os": "linux", "cpu": "arm64" }, "sha512-zc2BlJSim7YR4FZDQ8OUoJg5holYzdiYMeobb9pJuGDidGL9KZUv7SbiD4E8oZogtYY42UZEap7dqkkYuA91pg=="],

    "@resvg/resvg-js-linux-arm64-musl": ["@resvg/resvg-js-linux-arm64-musl@2.6.2", "", { "os": "linux", "cpu": "arm64" }, "sha512-3h3dLPWNgSsD4lQBJPb4f+kvdOSJHa5PjTYVsWHxLUzH4IFTJUAnmuWpw4KqyQ3NA5QCyhw4TWgxk3jRkQxEKg=="],

    "@resvg/resvg-js-linux-x64-gnu": ["@resvg/resvg-js-linux-x64-gnu@2.6.2", "", { "os": "linux", "cpu": "x64" }, "sha512-IVUe+ckIerA7xMZ50duAZzwf1U7khQe2E0QpUxu5MBJNao5RqC0zwV/Zm965vw6D3gGFUl7j4m+oJjubBVoftw=="],

    "@resvg/resvg-js-linux-x64-musl": ["@resvg/resvg-js-linux-x64-musl@2.6.2", "", { "os": "linux", "cpu": "x64" }, "sha512-UOf83vqTzoYQO9SZ0fPl2ZIFtNIz/Rr/y+7X8XRX1ZnBYsQ/tTb+cj9TE+KHOdmlTFBxhYzVkP2lRByCzqi4jQ=="],

    "@resvg/resvg-js-win32-arm64-msvc": ["@resvg/resvg-js-win32-arm64-msvc@2.6.2", "", { "os": "win32", "cpu": "arm64" }, "sha512-7C/RSgCa+7vqZ7qAbItfiaAWhyRSoD4l4BQAbVDqRRsRgY+S+hgS3in0Rxr7IorKUpGE69X48q6/nOAuTJQxeQ=="],

    "@resvg/resvg-js-win32-ia32-msvc": ["@resvg/resvg-js-win32-ia32-msvc@2.6.2", "", { "os": "win32", "cpu": "ia32" }, "sha512-har4aPAlvjnLcil40AC77YDIk6loMawuJwFINEM7n0pZviwMkMvjb2W5ZirsNOZY4aDbo5tLx0wNMREp5Brk+w=="],

    "@resvg/resvg-js-win32-x64-msvc": ["@resvg/resvg-js-win32-x64-msvc@2.6.2", "", { "os": "win32", "cpu": "x64" }, "sha512-ZXtYhtUr5SSaBrUDq7DiyjOFJqBVL/dOBN7N/qmi/pO0IgiWW/f/ue3nbvu9joWE5aAKDoIzy/CxsY0suwGosQ=="],

    "@resvg/resvg-wasm": ["@resvg/resvg-wasm@2.4.0", "", {}, "sha512-C7c51Nn4yTxXFKvgh2txJFNweaVcfUPQxwEUFw4aWsCmfiBDJsTSwviIF8EcwjQ6k8bPyMWCl1vw4BdxE569Cg=="],

    "@rolldown/binding-android-arm64": ["@rolldown/binding-android-arm64@1.1.2", "", { "os": "android", "cpu": "arm64" }, "sha512-2cZ+7xRS+DBcuJBJKnfzsbleumJhBqSlJVpuzHC0nTqfd3QQ7Vx2/x5YR/D7cBamKSeWplwo82Fn9lqYUDEMfA=="],

    "@rolldown/binding-darwin-arm64": ["@rolldown/binding-darwin-arm64@1.1.2", "", { "os": "darwin", "cpu": "arm64" }, "sha512-RkPMJnygxsgOYdkfqgpwY0/Fzm8d0VQe6HGU2/B00Xa9eqdLbrII+DOKAodbJAn3ZL1AJxGHkZRPYazgGY6Ljw=="],

    "@rolldown/binding-darwin-x64": ["@rolldown/binding-darwin-x64@1.1.2", "", { "os": "darwin", "cpu": "x64" }, "sha512-Uiczh6vFhwyfd7WNe7Q7mCA4KxAiLdz7jPE/WGizfRpIieoyFuNVMmM8HqZ9HwudTkY6/AeMQwlNJ9NJijguWw=="],

    "@rolldown/binding-freebsd-x64": ["@rolldown/binding-freebsd-x64@1.1.2", "", { "os": "freebsd", "cpu": "x64" }, "sha512-+TpdtTRgHiJFjCVFbw311SuLk3KfytPOQQn+VlAEv+gBxYPtL7E6JS9e/tk+8CwxhIZvemJKo4rTKgfWNsKkkA=="],

    "@rolldown/binding-linux-arm-gnueabihf": ["@rolldown/binding-linux-arm-gnueabihf@1.1.2", "", { "os": "linux", "cpu": "arm" }, "sha512-4lv1/tkmi7ueIVHnyreaOeUpiZP26BH9rRy6hoYfR9310A2B9nUEVRDvBx69vx64Nr3eTPPRkyciqJJs+j9Jmw=="],

    "@rolldown/binding-linux-arm64-gnu": ["@rolldown/binding-linux-arm64-gnu@1.1.2", "", { "os": "linux", "cpu": "arm64" }, "sha512-gBSUVO0eaWgw1JMjK3gB8BMlX2Mk148s2lTiVT3e9vjVxbl7UDfMWWY8CfIaaqiXuM9fVTMxIpUz6CAo/B6Vlw=="],

    "@rolldown/binding-linux-arm64-musl": ["@rolldown/binding-linux-arm64-musl@1.1.2", "", { "os": "linux", "cpu": "arm64" }, "sha512-LjQP/iZLBu8o8PjIfk4x3At0/mT6h282pvz8Z5LAyhGbu/kDezyO7ea62rF5uoqmgnIYqbN/MqJ3Si3Aymi7xQ=="],

    "@rolldown/binding-linux-ppc64-gnu": ["@rolldown/binding-linux-ppc64-gnu@1.1.2", "", { "os": "linux", "cpu": "ppc64" }, "sha512-X/7bVLWelEsbyWDUSXt7zVsTniLLPIY2n1rH58qr78l9i7MNbbxBWD8gI2vRfBWf4NUXJCUuQnfZDsp32LqsfQ=="],

    "@rolldown/binding-linux-s390x-gnu": ["@rolldown/binding-linux-s390x-gnu@1.1.2", "", { "os": "linux", "cpu": "s390x" }, "sha512-gb6dYKW/1KDorGXyy48glEBJs/sxVSC5pcVrox/pFGV4mvwSFeg2sK5L2tRkVsVlh7kueqOgg4GEcuipJcGuKg=="],

    "@rolldown/binding-linux-x64-gnu": ["@rolldown/binding-linux-x64-gnu@1.1.2", "", { "os": "linux", "cpu": "x64" }, "sha512-JY4w85pU3iAiJVMh5nuk4/Mh9GjMsupe8MrIN53rwxAZW64GKrWeJBuN6SxQg9QTU5uB1cxyhDzW8jqRn1EABw=="],

    "@rolldown/binding-linux-x64-musl": ["@rolldown/binding-linux-x64-musl@1.1.2", "", { "os": "linux", "cpu": "x64" }, "sha512-xvpA7o5KCYLB0Rwscmuylb1/zHHSUx4g4xilm4prC5jP76pEUlzBmMbgpbh7bVDbId4NcfT96gN5i6mE6UDaiw=="],

    "@rolldown/binding-openharmony-arm64": ["@rolldown/binding-openharmony-arm64@1.1.2", "", { "os": "none", "cpu": "arm64" }, "sha512-p/ts6KBLjuk49Bp21XH77poQGt02iNz7ChgHep7tudPOaLinR/De/RHdxF8w8Yj4r/bF/bqXwH6PZrB2sA+Nvw=="],

    "@rolldown/binding-wasm32-wasi": ["@rolldown/binding-wasm32-wasi@1.1.2", "", { "dependencies": { "@emnapi/core": "1.11.1", "@emnapi/runtime": "1.11.1", "@napi-rs/wasm-runtime": "^1.1.5" }, "cpu": "none" }, "sha512-VMu/wmrZ9hJzYlRhbw7jK5PODlugyKZ5mOdX78+lS8OvuFkWNQdz1pFLrI2p3P0pjXOmUZ7B48o5VnMH9QOGtg=="],

    "@rolldown/binding-win32-arm64-msvc": ["@rolldown/binding-win32-arm64-msvc@1.1.2", "", { "os": "win32", "cpu": "arm64" }, "sha512-xtUJqs8qEkuSviS0n1tsohaPuz3a1SPhZywOji4Oo+sgrJs8daEDMZ0QtqL0OS7dx8PoVpg2J/ZZycPY5I2+Zg=="],

    "@rolldown/binding-win32-x64-msvc": ["@rolldown/binding-win32-x64-msvc@1.1.2", "", { "os": "win32", "cpu": "x64" }, "sha512-85YiLQqjUKgSO/Zjnf9e0XIn5Ymrh1fLDWBeAkZqpuBR/3R8TpfoHXuyblqyQrftSSgWO9qpcHN8mkyKsLraoA=="],

    "@rolldown/pluginutils": ["@rolldown/pluginutils@1.0.1", "", {}, "sha512-2j9bGt5Jh8hj+vPtgzPtl72j0yRxHAyumoo6TNfAjsLB04UtpSvPbPcDcBMxz7n+9CYB0c1GxQFxYRg2jimqGw=="],

    "@shuding/opentype.js": ["@shuding/opentype.js@1.4.0-beta.0", "", { "dependencies": { "fflate": "^0.7.3", "string.prototype.codepointat": "^0.2.1" }, "bin": { "ot": "bin/ot" } }, "sha512-3NgmNyH3l/Hv6EvsWJbsvpcpUba6R8IREQ83nH83cyakCw7uM1arZKNfHwv1Wz6jgqrF/j4x5ELvR6PnK9nTcA=="],

    "@tybys/wasm-util": ["@tybys/wasm-util@0.10.2", "", { "dependencies": { "tslib": "^2.4.0" } }, "sha512-RoBvJ2X0wuKlWFIjrwffGw1IqZHKQqzIchKaadZZfnNpsAYp2mM0h36JtPCjNDAHGgYez/15uMBpfGwchhiMgg=="],

    "@types/bun": ["@types/bun@1.3.14", "", { "dependencies": { "bun-types": "1.3.14" } }, "sha512-h1hFqFVcvAvD9j9K7ZW7vd82aSA+rTdznZa+5bwvCwqSB1jmmfLcbIWhOLx1/+boy/xmjgCs/OMUL8hRJSmnPw=="],

    "@types/node": ["@types/node@25.9.3", "", { "dependencies": { "undici-types": ">=7.24.0 <7.24.7" } }, "sha512-603BddQMv3pUcr4U2dhujk83N2tTDVr/34wII2B6bJy6g+8WD6yUb11jszNs0gdi4PesVWl7ABt8nYMVpnLUcg=="],

    "@types/pg": ["@types/pg@8.20.0", "", { "dependencies": { "@types/node": "*", "pg-protocol": "*", "pg-types": "^2.2.0" } }, "sha512-bEPFOaMAHTEP1EzpvHTbmwR8UsFyHSKsRisLIHVMXnpNefSbGA1bD6CVy+qKjGSqmZqNqBDV2azOBo8TgkcVow=="],

    "@types/react": ["@types/react@19.2.17", "", { "dependencies": { "csstype": "^3.2.2" } }, "sha512-MXfmqaVPEVgkBT/aY0aGCkRWWtByiYQXo3xdQ8r5RzuFrPiRn8Gar2tQdXSUQ2GKV3bkXckek89V8wQBY2Q/Aw=="],

    "@types/react-dom": ["@types/react-dom@19.2.3", "", { "peerDependencies": { "@types/react": "^19.2.0" } }, "sha512-jp2L/eY6fn+KgVVQAOqYItbF0VY/YApe5Mz2F0aykSO8gx31bYCZyvSeYxCHKvzHG5eZjc+zyaS5BrBWya2+kQ=="],

    "@types/whatwg-mimetype": ["@types/whatwg-mimetype@3.0.2", "", {}, "sha512-c2AKvDT8ToxLIOUlN51gTiHXflsfIFisS4pO7pDPoKouJCESkhZnEy623gwP9laCy5lnLDAw1vAzu2vM2YLOrA=="],

    "@types/ws": ["@types/ws@8.18.1", "", { "dependencies": { "@types/node": "*" } }, "sha512-ThVF6DCVhA8kUGy+aazFQ4kXQ7E1Ty7A3ypFOe0IcJV8O/M511G99AW24irKrW56Wt44yG9+ij8FaqoBGkuBXg=="],

    "aws-ssl-profiles": ["aws-ssl-profiles@1.1.2", "", {}, "sha512-NZKeq9AfyQvEeNlN0zSYAaWrmBffJh3IELMZfRpJVWgrpEbtEpnjvzqBPf+mxoI287JohRDoa+/nsfqqiZmF6g=="],

    "base64-js": ["base64-js@0.0.8", "", {}, "sha512-3XSA2cR/h/73EzlXXdU6YNycmYI7+kicTxks4eJg2g39biHR84slg2+des+p7iHYhbRg/udIS4TD53WabcOUkw=="],

    "buffer-image-size": ["buffer-image-size@0.6.4", "", { "dependencies": { "@types/node": "*" } }, "sha512-nEh+kZOPY1w+gcCMobZ6ETUp9WfibndnosbpwB1iJk/8Gt5ZF2bhS6+B6bPYz424KtwsR6Rflc3tCz1/ghX2dQ=="],

    "bun-types": ["bun-types@1.3.14", "", { "dependencies": { "@types/node": "*" } }, "sha512-4N0ig0fEomHt5R0KCFWjovxow98rIoRwKolrYdCcknNwMekCXRnWEUvgu5soYV8QXtVsrUD8B95MBOZGPvr6KQ=="],

    "camelize": ["camelize@1.0.1", "", {}, "sha512-dU+Tx2fsypxTgtLoE36npi3UqcjSSMNYfkqgmoEhtZrraP5VWq0K7FkWVTYa8eMPtnU/G2txVsfdCJTn9uzpuQ=="],

    "color-name": ["color-name@1.1.4", "", {}, "sha512-dOy+3AuW3a2wNbZHIuMZpTcgjGuLU/uBL/ubcZF9OXbDo8ff4O8yVp5Bf0efS8uEoYo5q4Fx7dY9OgQGXgAsQA=="],

    "create-june": ["create-june@workspace:packages/create-june"],

    "css-background-parser": ["css-background-parser@0.1.0", "", {}, "sha512-2EZLisiZQ+7m4wwur/qiYJRniHX4K5Tc9w93MT3AS0WS1u5kaZ4FKXlOTBhOjc+CgEgPiGY+fX1yWD8UwpEqUA=="],

    "css-box-shadow": ["css-box-shadow@1.0.0-3", "", {}, "sha512-9jaqR6e7Ohds+aWwmhe6wILJ99xYQbfmK9QQB9CcMjDbTxPZjwEmUQpU91OG05Xgm8BahT5fW+svbsQGjS/zPg=="],

    "css-color-keywords": ["css-color-keywords@1.0.0", "", {}, "sha512-FyyrDHZKEjXDpNJYvVsV960FiqQyXc/LlYmsxl2BcdMb2WPx0OGRVgTg55rPSyLSNMqP52R9r8geSp7apN3Ofg=="],

    "css-gradient-parser": ["css-gradient-parser@0.0.17", "", {}, "sha512-w2Xy9UMMwlKtou0vlRnXvWglPAceXCTtcmVSo8ZBUvqCV5aXEFP/PC6d+I464810I9FT++UACwTD5511bmGPUg=="],

    "css-to-react-native": ["css-to-react-native@3.2.0", "", { "dependencies": { "camelize": "^1.0.0", "css-color-keywords": "^1.0.0", "postcss-value-parser": "^4.0.2" } }, "sha512-e8RKaLXMOFii+02mOlqwjbD00KSEKqblnpO9e++1aXS1fPQOpS1YoqdVHBqPjHNoxeF2mimzVqawm2KCbEdtHQ=="],

    "csstype": ["csstype@3.2.3", "", {}, "sha512-z1HGKcYy2xA8AGQfwrn0PAy+PB7X/GSj3UVJW9qKyn43xWa+gl5nXmU4qqLMRzWVLFC8KusUX8T/0kCiOYpAIQ=="],

    "decimal.js": ["decimal.js@10.6.0", "", {}, "sha512-YpgQiITW3JXGntzdUmyUR1V812Hn8T1YVXhCu+wO3OpS4eU9l4YdD3qjyiKdV6mvV29zapkMeD390UVEf2lkUg=="],

    "denque": ["denque@2.1.0", "", {}, "sha512-HVQE3AAb/pxF8fQAoiqpvg9i3evqug3hoiwakOyZAwJm+6vZehbkYXZ0l4JxS+I3QxM97v5aaRNhj8v5oBhekw=="],

    "detect-libc": ["detect-libc@2.1.2", "", {}, "sha512-Btj2BOOO83o3WyH59e8MgXsxEQVcarkUOpEYrubB0urwnN10yQ364rsiByU11nZlqWYZm05i/of7io4mzihBtQ=="],

    "emoji-regex-xs": ["emoji-regex-xs@2.0.1", "", {}, "sha512-1QFuh8l7LqUcKe24LsPUNzjrzJQ7pgRwp1QMcZ5MX6mFplk2zQ08NVCM84++1cveaUUYtcCYHmeFEuNg16sU4g=="],

    "entities": ["entities@7.0.1", "", {}, "sha512-TWrgLOFUQTH994YUyl1yT4uyavY5nNB5muff+RtWaqNVCAK408b5ZnnbNAUEWLTCpum9w6arT70i1XdQ4UeOPA=="],

    "esbuild": ["esbuild@0.28.1", "", { "optionalDependencies": { "@esbuild/aix-ppc64": "0.28.1", "@esbuild/android-arm": "0.28.1", "@esbuild/android-arm64": "0.28.1", "@esbuild/android-x64": "0.28.1", "@esbuild/darwin-arm64": "0.28.1", "@esbuild/darwin-x64": "0.28.1", "@esbuild/freebsd-arm64": "0.28.1", "@esbuild/freebsd-x64": "0.28.1", "@esbuild/linux-arm": "0.28.1", "@esbuild/linux-arm64": "0.28.1", "@esbuild/linux-ia32": "0.28.1", "@esbuild/linux-loong64": "0.28.1", "@esbuild/linux-mips64el": "0.28.1", "@esbuild/linux-ppc64": "0.28.1", "@esbuild/linux-riscv64": "0.28.1", "@esbuild/linux-s390x": "0.28.1", "@esbuild/linux-x64": "0.28.1", "@esbuild/netbsd-arm64": "0.28.1", "@esbuild/netbsd-x64": "0.28.1", "@esbuild/openbsd-arm64": "0.28.1", "@esbuild/openbsd-x64": "0.28.1", "@esbuild/openharmony-arm64": "0.28.1", "@esbuild/sunos-x64": "0.28.1", "@esbuild/win32-arm64": "0.28.1", "@esbuild/win32-ia32": "0.28.1", "@esbuild/win32-x64": "0.28.1" }, "bin": { "esbuild": "bin/esbuild" } }, "sha512-HrJrvZv5ayxBzPfwphOoNzkzOIIlifzk0KJrGK2c8R4+LKpMtpYLQeUdjnwjWv/LZlkH2laZk+4w78pi99D4Vw=="],

    "escape-html": ["escape-html@1.0.3", "", {}, "sha512-NiSupZ4OeuGwr68lGIeym/ksIZMJodUGOSCZ/FSnTxcrekbvqrgdUxlJOMpijaKZVjAJrWrGs/6Jy8OMuyj9ow=="],

    "fflate": ["fflate@0.7.4", "", {}, "sha512-5u2V/CDW15QM1XbbgS+0DfPxVB+jUKhWEKuuFuHncbk3tEEqzmoXL+2KyOFuKGqOnmdIy0/davWF1CkuwtibCw=="],

    "fsevents": ["fsevents@2.3.3", "", { "os": "darwin" }, "sha512-5xoDfX+fL7faATnagmWPpbFtwh/R77WmMMqqHGS65C3vvB0YHrgF+B1YmZ3441tMj5n63k0212XNoJwzlhffQw=="],

    "generate-function": ["generate-function@2.3.1", "", { "dependencies": { "is-property": "^1.0.2" } }, "sha512-eeB5GfMNeevm/GRYq20ShmsaGcmI81kIX2K9XQx5miC8KdHaC6Jm0qQ8ZNeGOi7wYB8OsdxKs+Y2oVuTFuVwKQ=="],

    "happy-dom": ["happy-dom@20.10.6", "", { "dependencies": { "@types/node": ">=20.0.0", "@types/whatwg-mimetype": "^3.0.2", "@types/ws": "^8.18.1", "buffer-image-size": "^0.6.4", "entities": "^7.0.1", "whatwg-mimetype": "^3.0.0", "ws": "^8.21.0" } }, "sha512-6QD0ilzDDt93tX44y8tbmZdAcdTRYDhUP+Asgi6pC8Pp5IA3cvaZGyoVN/EGtlq9ziT65iPuBBn3ASLr6hCgVw=="],

    "hex-rgb": ["hex-rgb@4.3.0", "", {}, "sha512-Ox1pJVrDCyGHMG9CFg1tmrRUMRPRsAWYc/PinY0XzJU4K7y7vjNoLKIQ7BR5UJMCxNN8EM1MNDmHWA/B3aZUuw=="],

    "iconv-lite": ["iconv-lite@0.7.2", "", { "dependencies": { "safer-buffer": ">= 2.1.2 < 3.0.0" } }, "sha512-im9DjEDQ55s9fL4EYzOAv0yMqmMBSZp6G0VvFyTMPKWxiSBHUj9NW/qqLmXUwXrrM7AvqSlTCfvqRb0cM8yYqw=="],

    "is-property": ["is-property@1.0.2", "", {}, "sha512-Ks/IoX00TtClbGQr4TWXemAnktAQvYB7HzcCxDGqEZU6oCmb2INHuOoKxbtR+HFkmYWBKv/dOZtGRiAjDhj92g=="],

    "js-base64": ["js-base64@3.7.8", "", {}, "sha512-hNngCeKxIUQiEUN3GPJOkz4wF/YvdUdbNL9hsBcMQTkKzboD7T/q3OYOuuPZLUE6dBxSGpwhk5mwuDud7JVAow=="],

    "june.build": ["june.build@workspace:apps/june.build"],

    "just-camel-case": ["just-camel-case@6.2.0", "", {}, "sha512-ICenRLXwkQYLk3UyvLQZ+uKuwFVJ3JHFYFn7F2782G2Mv2hW8WPePqgdhpnjGaqkYtSVWnyCESZhGXUmY3/bEg=="],

    "libsql": ["libsql@0.5.29", "", { "dependencies": { "@neon-rs/load": "^0.0.4", "detect-libc": "2.0.2" }, "optionalDependencies": { "@libsql/darwin-arm64": "0.5.29", "@libsql/darwin-x64": "0.5.29", "@libsql/linux-arm-gnueabihf": "0.5.29", "@libsql/linux-arm-musleabihf": "0.5.29", "@libsql/linux-arm64-gnu": "0.5.29", "@libsql/linux-arm64-musl": "0.5.29", "@libsql/linux-x64-gnu": "0.5.29", "@libsql/linux-x64-musl": "0.5.29", "@libsql/win32-x64-msvc": "0.5.29" }, "os": [ "linux", "win32", "darwin", ], "cpu": [ "arm", "x64", "arm64", ] }, "sha512-8lMP8iMgiBzzoNbAPQ59qdVcj6UaE/Vnm+fiwX4doX4Narook0a4GPKWBEv+CR8a1OwbfkgL18uBfBjWdF0Fzg=="],

    "lightningcss": ["lightningcss@1.32.0", "", { "dependencies": { "detect-libc": "^2.0.3" }, "optionalDependencies": { "lightningcss-android-arm64": "1.32.0", "lightningcss-darwin-arm64": "1.32.0", "lightningcss-darwin-x64": "1.32.0", "lightningcss-freebsd-x64": "1.32.0", "lightningcss-linux-arm-gnueabihf": "1.32.0", "lightningcss-linux-arm64-gnu": "1.32.0", "lightningcss-linux-arm64-musl": "1.32.0", "lightningcss-linux-x64-gnu": "1.32.0", "lightningcss-linux-x64-musl": "1.32.0", "lightningcss-win32-arm64-msvc": "1.32.0", "lightningcss-win32-x64-msvc": "1.32.0" } }, "sha512-NXYBzinNrblfraPGyrbPoD19C1h9lfI/1mzgWYvXUTe414Gz/X1FD2XBZSZM7rRTrMA8JL3OtAaGifrIKhQ5yQ=="],

    "lightningcss-android-arm64": ["lightningcss-android-arm64@1.32.0", "", { "os": "android", "cpu": "arm64" }, "sha512-YK7/ClTt4kAK0vo6w3X+Pnm0D2cf2vPHbhOXdoNti1Ga0al1P4TBZhwjATvjNwLEBCnKvjJc2jQgHXH0NEwlAg=="],

    "lightningcss-darwin-arm64": ["lightningcss-darwin-arm64@1.32.0", "", { "os": "darwin", "cpu": "arm64" }, "sha512-RzeG9Ju5bag2Bv1/lwlVJvBE3q6TtXskdZLLCyfg5pt+HLz9BqlICO7LZM7VHNTTn/5PRhHFBSjk5lc4cmscPQ=="],

    "lightningcss-darwin-x64": ["lightningcss-darwin-x64@1.32.0", "", { "os": "darwin", "cpu": "x64" }, "sha512-U+QsBp2m/s2wqpUYT/6wnlagdZbtZdndSmut/NJqlCcMLTWp5muCrID+K5UJ6jqD2BFshejCYXniPDbNh73V8w=="],

    "lightningcss-freebsd-x64": ["lightningcss-freebsd-x64@1.32.0", "", { "os": "freebsd", "cpu": "x64" }, "sha512-JCTigedEksZk3tHTTthnMdVfGf61Fky8Ji2E4YjUTEQX14xiy/lTzXnu1vwiZe3bYe0q+SpsSH/CTeDXK6WHig=="],

    "lightningcss-linux-arm-gnueabihf": ["lightningcss-linux-arm-gnueabihf@1.32.0", "", { "os": "linux", "cpu": "arm" }, "sha512-x6rnnpRa2GL0zQOkt6rts3YDPzduLpWvwAF6EMhXFVZXD4tPrBkEFqzGowzCsIWsPjqSK+tyNEODUBXeeVHSkw=="],

    "lightningcss-linux-arm64-gnu": ["lightningcss-linux-arm64-gnu@1.32.0", "", { "os": "linux", "cpu": "arm64" }, "sha512-0nnMyoyOLRJXfbMOilaSRcLH3Jw5z9HDNGfT/gwCPgaDjnx0i8w7vBzFLFR1f6CMLKF8gVbebmkUN3fa/kQJpQ=="],

    "lightningcss-linux-arm64-musl": ["lightningcss-linux-arm64-musl@1.32.0", "", { "os": "linux", "cpu": "arm64" }, "sha512-UpQkoenr4UJEzgVIYpI80lDFvRmPVg6oqboNHfoH4CQIfNA+HOrZ7Mo7KZP02dC6LjghPQJeBsvXhJod/wnIBg=="],

    "lightningcss-linux-x64-gnu": ["lightningcss-linux-x64-gnu@1.32.0", "", { "os": "linux", "cpu": "x64" }, "sha512-V7Qr52IhZmdKPVr+Vtw8o+WLsQJYCTd8loIfpDaMRWGUZfBOYEJeyJIkqGIDMZPwPx24pUMfwSxxI8phr/MbOA=="],

    "lightningcss-linux-x64-musl": ["lightningcss-linux-x64-musl@1.32.0", "", { "os": "linux", "cpu": "x64" }, "sha512-bYcLp+Vb0awsiXg/80uCRezCYHNg1/l3mt0gzHnWV9XP1W5sKa5/TCdGWaR/zBM2PeF/HbsQv/j2URNOiVuxWg=="],

    "lightningcss-win32-arm64-msvc": ["lightningcss-win32-arm64-msvc@1.32.0", "", { "os": "win32", "cpu": "arm64" }, "sha512-8SbC8BR40pS6baCM8sbtYDSwEVQd4JlFTOlaD3gWGHfThTcABnNDBda6eTZeqbofalIJhFx0qKzgHJmcPTnGdw=="],

    "lightningcss-win32-x64-msvc": ["lightningcss-win32-x64-msvc@1.32.0", "", { "os": "win32", "cpu": "x64" }, "sha512-Amq9B/SoZYdDi1kFrojnoqPLxYhQ4Wo5XiL8EVJrVsB8ARoC1PWW6VGtT0WKCemjy8aC+louJnjS7U18x3b06Q=="],

    "linebreak": ["linebreak@1.1.0", "", { "dependencies": { "base64-js": "0.0.8", "unicode-trie": "^2.0.0" } }, "sha512-MHp03UImeVhB7XZtjd0E4n6+3xr5Dq/9xI/5FptGk5FrbDR3zagPa2DS6U8ks/3HjbKWG9Q1M2ufOzxV2qLYSQ=="],

    "long": ["long@5.3.2", "", {}, "sha512-mNAgZ1GmyNhD7AuqnTG3/VQ26o760+ZYBPKjPvugO8+nLbYfX6TVpJPseBvopbdY+qpZ/lKUnmEc1LeZYS3QAA=="],

    "lru.min": ["lru.min@1.1.4", "", {}, "sha512-DqC6n3QQ77zdFpCMASA1a3Jlb64Hv2N2DciFGkO/4L9+q/IpIAuRlKOvCXabtRW6cQf8usbmM6BE/TOPysCdIA=="],

    "marked": ["marked@18.0.5", "", { "bin": { "marked": "bin/marked.js" } }, "sha512-S6GcvALHg6K4ohtu4E7x0a1AqhAjp6cV8KhLSyN9qVapnzJkusVBxZRcIU9AeYsbe6P1hKDusSbEOzGyyuce6w=="],

    "mysql2": ["mysql2@3.22.5", "", { "dependencies": { "aws-ssl-profiles": "^1.1.2", "denque": "^2.1.0", "generate-function": "^2.3.1", "iconv-lite": "^0.7.2", "long": "^5.3.2", "lru.min": "^1.1.4", "named-placeholders": "^1.1.6", "sql-escaper": "^1.3.3" }, "peerDependencies": { "@types/node": ">= 8" } }, "sha512-95uZ2TrPWAZdwpB3vvvDbmEMcNG8yIeNCyu6GUcr/QnWEE/wXm7+mhOCsdQfWQDTV7qYT/PDUZ4U4UPP4AsXqQ=="],

    "named-placeholders": ["named-placeholders@1.1.6", "", { "dependencies": { "lru.min": "^1.1.0" } }, "sha512-Tz09sEL2EEuv5fFowm419c1+a/jSMiBjI9gHxVLrVdbUkkNUUfjsVYs9pVZu5oCon/kmRh9TfLEObFtkVxmY0w=="],

    "pako": ["pako@0.2.9", "", {}, "sha512-NUcwaKxUxWrZLpDG+z/xZaCgQITkA/Dv4V/T6bw7VON6l1Xz/VnrBqrYjZQ12TamKHzITTfOEIYUj48y2KXImA=="],

    "parse-css-color": ["parse-css-color@0.2.1", "", { "dependencies": { "color-name": "^1.1.4", "hex-rgb": "^4.1.0" } }, "sha512-bwS/GGIFV3b6KS4uwpzCFj4w297Yl3uqnSgIPsoQkx7GMLROXfMnWvxfNkL0oh8HVhZA4hvJoEoEIqonfJ3BWg=="],

    "pg": ["pg@8.21.0", "", { "dependencies": { "pg-connection-string": "^2.13.0", "pg-pool": "^3.14.0", "pg-protocol": "^1.14.0", "pg-types": "2.2.0", "pgpass": "1.0.5" }, "optionalDependencies": { "pg-cloudflare": "^1.4.0" }, "peerDependencies": { "pg-native": ">=3.0.1" }, "optionalPeers": ["pg-native"] }, "sha512-AUP1EYJuHraQGsVoCQVIcM7TEJVGtDzxWtGFZd8rds9d+CCXlU5Js1rYgfLNvxy9iJrpHjGrRjoi/3BT9fRyiA=="],

    "pg-cloudflare": ["pg-cloudflare@1.4.0", "", {}, "sha512-Vo7z/6rrQYxpNRylp4Tlob2elzbh+N/MOQbxFVWCxS7oEx6jF53GTJFxK2WWpKuBRkmiin4Mt+xofFDjx09R0A=="],

    "pg-connection-string": ["pg-connection-string@2.13.0", "", {}, "sha512-EMnU9E2fSULdsbErBbMaXJvFeD9B4+nPcM3f+4lsiCR0BHLPrLVjv3DbyM2hgQQviKJaTWIRRTjKjWlHg3p2ig=="],

    "pg-int8": ["pg-int8@1.0.1", "", {}, "sha512-WCtabS6t3c8SkpDBUlb1kjOs7l66xsGdKpIPZsg4wR+B3+u9UAum2odSsF9tnvxg80h4ZxLWMy4pRjOsFIqQpw=="],

    "pg-pool": ["pg-pool@3.14.0", "", { "peerDependencies": { "pg": ">=8.0" } }, "sha512-gKtPkFdQPU3DksooVLi9LsjZxrsBUZIpa+7aVx+LV5pNh0KzP4Zleud2po+ConrxbuXGBJ6Hfer6hdgpIBpBaw=="],

    "pg-protocol": ["pg-protocol@1.14.0", "", {}, "sha512-n5taZ1kO3s9ngDTVxsEznOqCyToTgz0FLuPq0B33COy5pPpuWJpY3/2oRBVETuOgzdqRXfWpM9HIhp2LBBT1BA=="],

    "pg-types": ["pg-types@2.2.0", "", { "dependencies": { "pg-int8": "1.0.1", "postgres-array": "~2.0.0", "postgres-bytea": "~1.0.0", "postgres-date": "~1.0.4", "postgres-interval": "^1.1.0" } }, "sha512-qTAAlrEsl8s4OiEQY69wDvcMIdQN6wdz5ojQiOy6YRMuynxenON0O5oCpJI6lshc6scgAY8qvJ2On/p+CXY0GA=="],

    "pgpass": ["pgpass@1.0.5", "", { "dependencies": { "split2": "^4.1.0" } }, "sha512-FdW9r/jQZhSeohs1Z3sI1yxFQNFvMcnmfuj4WBMUTxOrAyLMaTcE1aAMBiTlbMNaXvBCQuVi0R7hd8udDSP7ug=="],

    "postcss-value-parser": ["postcss-value-parser@4.2.0", "", {}, "sha512-1NNCs6uurfkVbeXG4S8JFT9t19m45ICnif8zWLd5oPSZ50QnwMfK+H3jv408d4jw/7Bttv5axS5IiHoLaVNHeQ=="],

    "postgres-array": ["postgres-array@2.0.0", "", {}, "sha512-VpZrUqU5A69eQyW2c5CA1jtLecCsN2U/bD6VilrFDWq5+5UIEVO7nazS3TEcHf1zuPYO/sqGvUvW62g86RXZuA=="],

    "postgres-bytea": ["postgres-bytea@1.0.1", "", {}, "sha512-5+5HqXnsZPE65IJZSMkZtURARZelel2oXUEO8rH83VS/hxH5vv1uHquPg5wZs8yMAfdv971IU+kcPUczi7NVBQ=="],

    "postgres-date": ["postgres-date@1.0.7", "", {}, "sha512-suDmjLVQg78nMK2UZ454hAG+OAW+HQPZ6n++TNDUX+L0+uUlLywnoxJKDou51Zm+zTCjrCl0Nq6J9C5hP9vK/Q=="],

    "postgres-interval": ["postgres-interval@1.2.0", "", { "dependencies": { "xtend": "^4.0.0" } }, "sha512-9ZhXKM/rw350N1ovuWHbGxnGh/SNJ4cnxHiM0rxE4VN41wsg8P8zWn9hv/buK00RP4WvlOyr/RBDiptyxVbkZQ=="],

    "promise-limit": ["promise-limit@2.7.0", "", {}, "sha512-7nJ6v5lnJsXwGprnGXga4wx6d1POjvi5Qmf1ivTRxTjH4Z/9Czja/UCMLVmB9N93GeWOU93XaFaEt6jbuoagNw=="],

    "react": ["react@19.2.7", "", {}, "sha512-HNe9WslTbXmFK8o8cmwgAeJFSBvt1bPdHCVKtaaV+WlAN36mpT4hcRpwbf3fY56ar2oIXzsBpOAiIRHAdY0OlQ=="],

    "react-dom": ["react-dom@19.2.7", "", { "dependencies": { "scheduler": "^0.27.0" }, "peerDependencies": { "react": "^19.2.7" } }, "sha512-t0BRVXvbiE/o20Hfw669rLbMCDWtYZLvmJigy2f0MxsXF+71pxhR3xOkspmsO8h3ZlNzyibAmtCa3l4lYKk6gQ=="],

    "rolldown": ["rolldown@1.1.2", "", { "dependencies": { "@oxc-project/types": "=0.137.0", "@rolldown/pluginutils": "^1.0.0" }, "optionalDependencies": { "@rolldown/binding-android-arm64": "1.1.2", "@rolldown/binding-darwin-arm64": "1.1.2", "@rolldown/binding-darwin-x64": "1.1.2", "@rolldown/binding-freebsd-x64": "1.1.2", "@rolldown/binding-linux-arm-gnueabihf": "1.1.2", "@rolldown/binding-linux-arm64-gnu": "1.1.2", "@rolldown/binding-linux-arm64-musl": "1.1.2", "@rolldown/binding-linux-ppc64-gnu": "1.1.2", "@rolldown/binding-linux-s390x-gnu": "1.1.2", "@rolldown/binding-linux-x64-gnu": "1.1.2", "@rolldown/binding-linux-x64-musl": "1.1.2", "@rolldown/binding-openharmony-arm64": "1.1.2", "@rolldown/binding-wasm32-wasi": "1.1.2", "@rolldown/binding-win32-arm64-msvc": "1.1.2", "@rolldown/binding-win32-x64-msvc": "1.1.2" }, "bin": { "rolldown": "./bin/cli.mjs" } }, "sha512-x0CrQQqCXWGeI8dTvFfN/Dnv3yMKT9hv5jFjlOreKAx9wqLq9wz7VvLLHyaAXC90/CpggTu9SisSbsJJTPSjNQ=="],

    "safer-buffer": ["safer-buffer@2.1.2", "", {}, "sha512-YZo3K82SD7Riyi0E1EQPojLz7kpepnSQI9IyPbHHg1XXXevb5dJI7tpyN2ADxGcQbHG7vcyRHk0cbwqcQriUtg=="],

    "satori": ["satori@0.26.0", "", { "dependencies": { "@shuding/opentype.js": "1.4.0-beta.0", "css-background-parser": "^0.1.0", "css-box-shadow": "1.0.0-3", "css-gradient-parser": "^0.0.17", "css-to-react-native": "^3.0.0", "emoji-regex-xs": "^2.0.1", "escape-html": "^1.0.3", "linebreak": "^1.1.0", "parse-css-color": "^0.2.1", "postcss-value-parser": "^4.2.0", "yoga-layout": "^3.2.1" } }, "sha512-tkMFrfIs3l2mQ2JEcyW0ADTy3zGggFRFzi6Ef8YozQSFsFKEqaSO1Y8F9wJg4//PJGQauMalHGTUEkPrFwhVPA=="],

    "scheduler": ["scheduler@0.27.0", "", {}, "sha512-eNv+WrVbKu1f3vbYJT/xtiF5syA5HPIMtf9IgY/nKg0sWqzAUEvqY/xm7OcZc/qafLx/iO9FgOmeSAp4v5ti/Q=="],

    "split2": ["split2@4.2.0", "", {}, "sha512-UcjcJOWknrNkF6PLX83qcHM6KHgVKNkV62Y8a5uYDVv9ydGQVwAHMKqHdJje1VTWpljG0WYpCDhrCdAOYH4TWg=="],

    "sql-escaper": ["sql-escaper@1.3.3", "", {}, "sha512-BsTCV265VpTp8tm1wyIm1xqQCS+Q9NHx2Sr+WcnUrgLrQ6yiDIvHYJV5gHxsj1lMBy2zm5twLaZao8Jd+S8JJw=="],

    "string.prototype.codepointat": ["string.prototype.codepointat@0.2.1", "", {}, "sha512-2cBVCj6I4IOvEnjgO/hWqXjqBGsY+zwPmHl12Srk9IXSZ56Jwwmy+66XO5Iut/oQVR7t5ihYdLB0GMa4alEUcg=="],

    "tiny-inflate": ["tiny-inflate@1.0.3", "", {}, "sha512-pkY1fj1cKHb2seWDy0B16HeWyczlJA9/WW3u3c4z/NiWDsO3DOU5D7nhTLE9CF0yXv/QZFY7sEJmj24dK+Rrqw=="],

    "tslib": ["tslib@2.8.1", "", {}, "sha512-oJFu94HQb+KVduSUQL7wnpmqnfmLsOA/nAh6b6EH0wCEoK0/mPeXU6c3wKDV83MkOuHPRHtSXKKU99IBazS/2w=="],

    "tsx": ["tsx@4.22.4", "", { "dependencies": { "esbuild": "~0.28.0" }, "optionalDependencies": { "fsevents": "~2.3.3" }, "bin": { "tsx": "dist/cli.mjs" } }, "sha512-X8EX+XV4QR5xCsrgxaED954zTDfY8KqlDtskKEL0cHhyS/P8b4IFOvGDQpsC9Q1XnLq915wEfwwY/zzskCtmhg=="],

    "typescript": ["typescript@5.9.3", "", { "bin": { "tsc": "bin/tsc", "tsserver": "bin/tsserver" } }, "sha512-jl1vZzPDinLr9eUt3J/t7V6FgNEw9QjvBPdysz9KfQDD41fQrC2Y4vKQdiaUpFT4bXlb1RHhLpp8wtm6M5TgSw=="],

    "undici-types": ["undici-types@7.24.6", "", {}, "sha512-WRNW+sJgj5OBN4/0JpHFqtqzhpbnV0GuB+OozA9gCL7a993SmU+1JBZCzLNxYsbMfIeDL+lTsphD5jN5N+n0zg=="],

    "unicode-trie": ["unicode-trie@2.0.0", "", { "dependencies": { "pako": "^0.2.5", "tiny-inflate": "^1.0.0" } }, "sha512-x7bc76x0bm4prf1VLg79uhAzKw8DVboClSN5VxJuQ+LKDOVEW9CdH+VY7SP+vX7xCYQqzzgQpFqz15zeLvAtZQ=="],

    "whatwg-mimetype": ["whatwg-mimetype@3.0.0", "", {}, "sha512-nt+N2dzIutVRxARx1nghPKGv1xHikU7HKdfafKkLNLindmPU/ch3U31NOCGGA/dmPcmb1VlofO0vnKAcsm0o/Q=="],

    "workers-og": ["workers-og@0.0.27", "", { "dependencies": { "@resvg/resvg-wasm": "2.4.0", "just-camel-case": "^6.2.0", "satori": "^0.15.2", "yoga-wasm-web": "0.3.3" } }, "sha512-QvwptQ0twmouQHiITUi3kYxEPCLdueC/U4msQ2xMz2iktd+iseSs7zlREw3T1dAsPxPw73FQlw8cXFsfANZPlw=="],

    "ws": ["ws@8.21.0", "", { "peerDependencies": { "bufferutil": "^4.0.1", "utf-8-validate": ">=5.0.2" }, "optionalPeers": ["bufferutil", "utf-8-validate"] }, "sha512-Vsp28b7DRcimFQvrqu2Wek3z1iYxDCWqHYB8Qsnk/S4RfaCQzPGPyBNuVjJV3cd6UiKtUtp6sNM77gWvzcCH+g=="],

    "xtend": ["xtend@4.0.2", "", {}, "sha512-LKYU1iAXJXUgAXn9URjiu+MWhyUXHsvfp7mcuYm9dSUKK0/CjtrUwFAxD82/mCWbtLsGjFIad0wIsod4zrTAEQ=="],

    "yoga-layout": ["yoga-layout@3.2.1", "", {}, "sha512-0LPOt3AxKqMdFBZA3HBAt/t/8vIKq7VaQYbuA8WxCgung+p9TVyKRYdpvCb80HcdTN2NkbIKbhNwKUfm3tQywQ=="],

    "yoga-wasm-web": ["yoga-wasm-web@0.3.3", "", {}, "sha512-N+d4UJSJbt/R3wqY7Coqs5pcV0aUj2j9IaQ3rNj9bVCLld8tTGKRa2USARjnvZJWVx1NDmQev8EknoczaOQDOA=="],

    "libsql/detect-libc": ["detect-libc@2.0.2", "", {}, "sha512-UX6sGumvvqSaXgdKGUsgZWqcUyIXZ/vZTrlRT/iobiKhGL0zL4d3osHj3uqllWJK+i+sixDS/3COVEOFbupFyw=="],

    "workers-og/satori": ["satori@0.15.2", "", { "dependencies": { "@shuding/opentype.js": "1.4.0-beta.0", "css-background-parser": "^0.1.0", "css-box-shadow": "1.0.0-3", "css-gradient-parser": "^0.0.16", "css-to-react-native": "^3.0.0", "emoji-regex-xs": "^2.0.1", "escape-html": "^1.0.3", "linebreak": "^1.1.0", "parse-css-color": "^0.2.1", "postcss-value-parser": "^4.2.0", "yoga-wasm-web": "^0.3.3" } }, "sha512-vu/49vdc8MzV5jUchs3TIRDCOkOvMc1iJ11MrZvhg9tE4ziKIEIBjBZvies6a9sfM2vQ2gc3dXeu6rCK7AztHA=="],

    "workers-og/satori/css-gradient-parser": ["css-gradient-parser@0.0.16", "", {}, "sha512-3O5QdqgFRUbXvK1x5INf1YkBz1UKSWqrd63vWsum8MNHDBYD5urm3QtxZbKU259OrEXNM26lP/MPY3d1IGkBgA=="],
  }
}
